
Microsoft Visual Studio Solution File, Format Version 12.00
# Visual Studio Version 17
VisualStudioVersion = 17.9.34616.47
MinimumVisualStudioVersion = 10.0.40219.1
Project("{FAE04EC0-301F-11D3-BF4B-00C04F79EFBC}") = "ChauThienCuong_PetShop", "ChauThienCuong_PetShop\ChauThienCuong_PetShop.csproj", "{EF2FEFF7-9088-4013-9FCE-89B5D41426E7}"
EndProject
Global
	GlobalSection(SolutionConfigurationPlatforms) = preSolution
		Debug|Any CPU = Debug|Any CPU
		Release|Any CPU = Release|Any CPU
	EndGlobalSection
	GlobalSection(ProjectConfigurationPlatforms) = postSolution
		{EF2FEFF7-9088-4013-9FCE-89B5D41426E7}.Debug|Any CPU.ActiveCfg = Debug|Any CPU
		{EF2FEFF7-9088-4013-9FCE-89B5D41426E7}.Debug|Any CPU.Build.0 = Debug|Any CPU
		{EF2FEFF7-9088-4013-9FCE-89B5D41426E7}.Release|Any CPU.ActiveCfg = Release|Any CPU
		{EF2FEFF7-9088-4013-9FCE-89B5D41426E7}.Release|Any CPU.Build.0 = Release|Any CPU
	EndGlobalSection
	GlobalSection(SolutionProperties) = preSolution
		HideSolutionNode = FALSE
	EndGlobalSection
	GlobalSection(ExtensibilityGlobals) = postSolution
		SolutionGuid = {F57A9912-C108-43F9-8625-A53F8994CCAD}
	EndGlobalSection
EndGlobal
